
Microsoft Visual Studio Solution File, Format Version 12.00
# Visual Studio Version 16
VisualStudioVersion = 16.0.29806.167
MinimumVisualStudioVersion = 10.0.40219.1
Project("{9A19103F-16F7-4668-BE54-9A1E7A4F7556}") = "GameEngine", "GameEngine\GameEngine.csproj", "{79013F0F-C7BE-4F47-BE84-33F316071B92}"
EndProject
Project("{9A19103F-16F7-4668-BE54-9A1E7A4F7556}") = "GameEngineTest", "GameEngineTest\GameEngineTest.csproj", "{D9788CBC-2610-4461-97DC-75AAAFB6ED22}"
EndProject
Project("{9A19103F-16F7-4668-BE54-9A1E7A4F7556}") = "ConsoleApplication", "ConsoleApplication\ConsoleApplication.csproj", "{83F06B99-AFDC-44FB-BFD8-0DABC456A7B7}"
EndProject
Project("{9A19103F-16F7-4668-BE54-9A1E7A4F7556}") = "GameEngineTestNUnit", "GameEngineTestNUnit\GameEngineTestNUnit.csproj", "{002DA871-D2D2-4665-BA72-1AC7C05C9550}"
EndProject
Project("{FAE04EC0-301F-11D3-BF4B-00C04F79EFBC}") = "LudoGameRESTApi", "LudoGameRESTApi\LudoGameRESTApi.csproj", "{0E198C50-E385-4589-93BF-691EA368FCD4}"
EndProject
Global
	GlobalSection(SolutionConfigurationPlatforms) = preSolution
		Debug|Any CPU = Debug|Any CPU
		Release|Any CPU = Release|Any CPU
	EndGlobalSection
	GlobalSection(ProjectConfigurationPlatforms) = postSolution
		{79013F0F-C7BE-4F47-BE84-33F316071B92}.Debug|Any CPU.ActiveCfg = Debug|Any CPU
		{79013F0F-C7BE-4F47-BE84-33F316071B92}.Debug|Any CPU.Build.0 = Debug|Any CPU
		{79013F0F-C7BE-4F47-BE84-33F316071B92}.Release|Any CPU.ActiveCfg = Release|Any CPU
		{79013F0F-C7BE-4F47-BE84-33F316071B92}.Release|Any CPU.Build.0 = Release|Any CPU
		{D9788CBC-2610-4461-97DC-75AAAFB6ED22}.Debug|Any CPU.ActiveCfg = Debug|Any CPU
		{D9788CBC-2610-4461-97DC-75AAAFB6ED22}.Debug|Any CPU.Build.0 = Debug|Any CPU
		{D9788CBC-2610-4461-97DC-75AAAFB6ED22}.Release|Any CPU.ActiveCfg = Release|Any CPU
		{D9788CBC-2610-4461-97DC-75AAAFB6ED22}.Release|Any CPU.Build.0 = Release|Any CPU
		{83F06B99-AFDC-44FB-BFD8-0DABC456A7B7}.Debug|Any CPU.ActiveCfg = Debug|Any CPU
		{83F06B99-AFDC-44FB-BFD8-0DABC456A7B7}.Debug|Any CPU.Build.0 = Debug|Any CPU
		{83F06B99-AFDC-44FB-BFD8-0DABC456A7B7}.Release|Any CPU.ActiveCfg = Release|Any CPU
		{83F06B99-AFDC-44FB-BFD8-0DABC456A7B7}.Release|Any CPU.Build.0 = Release|Any CPU
		{002DA871-D2D2-4665-BA72-1AC7C05C9550}.Debug|Any CPU.ActiveCfg = Debug|Any CPU
		{002DA871-D2D2-4665-BA72-1AC7C05C9550}.Debug|Any CPU.Build.0 = Debug|Any CPU
		{002DA871-D2D2-4665-BA72-1AC7C05C9550}.Release|Any CPU.ActiveCfg = Release|Any CPU
		{002DA871-D2D2-4665-BA72-1AC7C05C9550}.Release|Any CPU.Build.0 = Release|Any CPU
		{0E198C50-E385-4589-93BF-691EA368FCD4}.Debug|Any CPU.ActiveCfg = Debug|Any CPU
		{0E198C50-E385-4589-93BF-691EA368FCD4}.Debug|Any CPU.Build.0 = Debug|Any CPU
		{0E198C50-E385-4589-93BF-691EA368FCD4}.Release|Any CPU.ActiveCfg = Release|Any CPU
		{0E198C50-E385-4589-93BF-691EA368FCD4}.Release|Any CPU.Build.0 = Release|Any CPU
	EndGlobalSection
	GlobalSection(SolutionProperties) = preSolution
		HideSolutionNode = FALSE
	EndGlobalSection
	GlobalSection(ExtensibilityGlobals) = postSolution
		SolutionGuid = {795378BC-AEDA-4B38-B52C-F7EE2E5A3704}
	EndGlobalSection
EndGlobal
